// !$*UTF8*$!
{
	archiveVersion = 1;
	classes = {
	};
	objectVersion = 56;
	objects = {

/* Begin PBXBuildFile section */
		9100564A2A8FBBDA0063470A /* streetpassApp.swift in Sources */ = {isa = PBXBuildFile; fileRef = 910056492A8FBBDA0063470A /* streetpassApp.swift */; };
		9100564C2A8FBBDA0063470A /* ContentView.swift in Sources */ = {isa = PBXBuildFile; fileRef = 9100564B2A8FBBDA0063470A /* ContentView.swift */; };
		9100564E2A8FBBDB0063470A /* Assets.xcassets in Resources */ = {isa = PBXBuildFile; fileRef = 9100564D2A8FBBDB0063470A /* Assets.xcassets */; };
		910056512A8FBBDB0063470A /* Preview Assets.xcassets in Resources */ = {isa = PBXBuildFile; fileRef = 910056502A8FBBDB0063470A /* Preview Assets.xcassets */; };
		910056582A8FBC3A0063470A /* PeripheralManager.swift in Sources */ = {isa = PBXBuildFile; fileRef = 910056572A8FBC3A0063470A /* PeripheralManager.swift */; };
		9100565B2A8FC3470063470A /* CentralManager.swift in Sources */ = {isa = PBXBuildFile; fileRef = 9100565A2A8FC3470063470A /* CentralManager.swift */; };
		910056702A9504710063470A /* Gontserrat-ExtraBold.ttf in Resources */ = {isa = PBXBuildFile; fileRef = 9100565D2A95046F0063470A /* Gontserrat-ExtraBold.ttf */; };
		910056712A9504710063470A /* Gontserrat-ExtraLightItalic.ttf in Resources */ = {isa = PBXBuildFile; fileRef = 9100565E2A9504700063470A /* Gontserrat-ExtraLightItalic.ttf */; };
		910056722A9504710063470A /* Gontserrat-BlackItalic.ttf in Resources */ = {isa = PBXBuildFile; fileRef = 9100565F2A9504700063470A /* Gontserrat-BlackItalic.ttf */; };
		910056732A9504710063470A /* Gontserrat-Italic.ttf in Resources */ = {isa = PBXBuildFile; fileRef = 910056602A9504700063470A /* Gontserrat-Italic.ttf */; };
		910056742A9504710063470A /* Gontserrat-ExtraLight.ttf in Resources */ = {isa = PBXBuildFile; fileRef = 910056612A9504700063470A /* Gontserrat-ExtraLight.ttf */; };
		910056752A9504710063470A /* Gontserrat-Black.ttf in Resources */ = {isa = PBXBuildFile; fileRef = 910056622A9504700063470A /* Gontserrat-Black.ttf */; };
		910056762A9504710063470A /* Gontserrat-Light.ttf in Resources */ = {isa = PBXBuildFile; fileRef = 910056632A9504700063470A /* Gontserrat-Light.ttf */; };
		910056772A9504710063470A /* Gontserrat-ExtraBoldItalic.ttf in Resources */ = {isa = PBXBuildFile; fileRef = 910056642A9504700063470A /* Gontserrat-ExtraBoldItalic.ttf */; };
		910056782A9504710063470A /* Gontserrat-ThinItalic.ttf in Resources */ = {isa = PBXBuildFile; fileRef = 910056652A9504700063470A /* Gontserrat-ThinItalic.ttf */; };
		910056792A9504710063470A /* Gontserrat-Medium.ttf in Resources */ = {isa = PBXBuildFile; fileRef = 910056662A9504700063470A /* Gontserrat-Medium.ttf */; };
		9100567A2A9504710063470A /* Gontserrat-Bold.ttf in Resources */ = {isa = PBXBuildFile; fileRef = 910056672A9504700063470A /* Gontserrat-Bold.ttf */; };
		9100567B2A9504710063470A /* Gontserrat-SemiBoldItalic.ttf in Resources */ = {isa = PBXBuildFile; fileRef = 910056682A9504700063470A /* Gontserrat-SemiBoldItalic.ttf */; };
		9100567C2A9504710063470A /* Gontserrat-Regular.ttf in Resources */ = {isa = PBXBuildFile; fileRef = 910056692A9504700063470A /* Gontserrat-Regular.ttf */; };
		9100567D2A9504710063470A /* OFL.txt in Resources */ = {isa = PBXBuildFile; fileRef = 9100566A2A9504700063470A /* OFL.txt */; };
		9100567E2A9504710063470A /* Gontserrat-LightItalic.ttf in Resources */ = {isa = PBXBuildFile; fileRef = 9100566B2A9504710063470A /* Gontserrat-LightItalic.ttf */; };
		9100567F2A9504710063470A /* Gontserrat-BoldItalic.ttf in Resources */ = {isa = PBXBuildFile; fileRef = 9100566C2A9504710063470A /* Gontserrat-BoldItalic.ttf */; };
		910056802A9504710063470A /* Gontserrat-MediumItalic.ttf in Resources */ = {isa = PBXBuildFile; fileRef = 9100566D2A9504710063470A /* Gontserrat-MediumItalic.ttf */; };
		910056812A9504710063470A /* Gontserrat-SemiBold.ttf in Resources */ = {isa = PBXBuildFile; fileRef = 9100566E2A9504710063470A /* Gontserrat-SemiBold.ttf */; };
		910056822A9504710063470A /* Gontserrat-Thin.ttf in Resources */ = {isa = PBXBuildFile; fileRef = 9100566F2A9504710063470A /* Gontserrat-Thin.ttf */; };
		910056852A9504BD0063470A /* Font.swift in Sources */ = {isa = PBXBuildFile; fileRef = 910056842A9504BD0063470A /* Font.swift */; };
		9100568A2A9509A20063470A /* ActionButton.swift in Sources */ = {isa = PBXBuildFile; fileRef = 910056892A9509A20063470A /* ActionButton.swift */; };
/* End PBXBuildFile section */

/* Begin PBXFileReference section */
		910056462A8FBBDA0063470A /* streetpass.app */ = {isa = PBXFileReference; explicitFileType = wrapper.application; includeInIndex = 0; path = streetpass.app; sourceTree = BUILT_PRODUCTS_DIR; };
		910056492A8FBBDA0063470A /* streetpassApp.swift */ = {isa = PBXFileReference; lastKnownFileType = sourcecode.swift; path = streetpassApp.swift; sourceTree = "<group>"; };
		9100564B2A8FBBDA0063470A /* ContentView.swift */ = {isa = PBXFileReference; lastKnownFileType = sourcecode.swift; path = ContentView.swift; sourceTree = "<group>"; };
		9100564D2A8FBBDB0063470A /* Assets.xcassets */ = {isa = PBXFileReference; lastKnownFileType = folder.assetcatalog; path = Assets.xcassets; sourceTree = "<group>"; };
		910056502A8FBBDB0063470A /* Preview Assets.xcassets */ = {isa = PBXFileReference; lastKnownFileType = folder.assetcatalog; path = "Preview Assets.xcassets"; sourceTree = "<group>"; };
		910056572A8FBC3A0063470A /* PeripheralManager.swift */ = {isa = PBXFileReference; lastKnownFileType = sourcecode.swift; path = PeripheralManager.swift; sourceTree = "<group>"; };
		910056592A8FBFB30063470A /* Info.plist */ = {isa = PBXFileReference; lastKnownFileType = text.plist; path = Info.plist; sourceTree = "<group>"; };
		9100565A2A8FC3470063470A /* CentralManager.swift */ = {isa = PBXFileReference; lastKnownFileType = sourcecode.swift; path = CentralManager.swift; sourceTree = "<group>"; };
		9100565D2A95046F0063470A /* Gontserrat-ExtraBold.ttf */ = {isa = PBXFileReference; lastKnownFileType = file; path = "Gontserrat-ExtraBold.ttf"; sourceTree = "<group>"; };
		9100565E2A9504700063470A /* Gontserrat-ExtraLightItalic.ttf */ = {isa = PBXFileReference; lastKnownFileType = file; path = "Gontserrat-ExtraLightItalic.ttf"; sourceTree = "<group>"; };
		9100565F2A9504700063470A /* Gontserrat-BlackItalic.ttf */ = {isa = PBXFileReference; lastKnownFileType = file; path = "Gontserrat-BlackItalic.ttf"; sourceTree = "<group>"; };
		910056602A9504700063470A /* Gontserrat-Italic.ttf */ = {isa = PBXFileReference; lastKnownFileType = file; path = "Gontserrat-Italic.ttf"; sourceTree = "<group>"; };
		910056612A9504700063470A /* Gontserrat-ExtraLight.ttf */ = {isa = PBXFileReference; lastKnownFileType = file; path = "Gontserrat-ExtraLight.ttf"; sourceTree = "<group>"; };
		910056622A9504700063470A /* Gontserrat-Black.ttf */ = {isa = PBXFileReference; lastKnownFileType = file; path = "Gontserrat-Black.ttf"; sourceTree = "<group>"; };
		910056632A9504700063470A /* Gontserrat-Light.ttf */ = {isa = PBXFileReference; lastKnownFileType = file; path = "Gontserrat-Light.ttf"; sourceTree = "<group>"; };
		910056642A9504700063470A /* Gontserrat-ExtraBoldItalic.ttf */ = {isa = PBXFileReference; lastKnownFileType = file; path = "Gontserrat-ExtraBoldItalic.ttf"; sourceTree = "<group>"; };
		910056652A9504700063470A /* Gontserrat-ThinItalic.ttf */ = {isa = PBXFileReference; lastKnownFileType = file; path = "Gontserrat-ThinItalic.ttf"; sourceTree = "<group>"; };
		910056662A9504700063470A /* Gontserrat-Medium.ttf */ = {isa = PBXFileReference; lastKnownFileType = file; path = "Gontserrat-Medium.ttf"; sourceTree = "<group>"; };
		910056672A9504700063470A /* Gontserrat-Bold.ttf */ = {isa = PBXFileReference; lastKnownFileType = file; path = "Gontserrat-Bold.ttf"; sourceTree = "<group>"; };
		910056682A9504700063470A /* Gontserrat-SemiBoldItalic.ttf */ = {isa = PBXFileReference; lastKnownFileType = file; path = "Gontserrat-SemiBoldItalic.ttf"; sourceTree = "<group>"; };
		910056692A9504700063470A /* Gontserrat-Regular.ttf */ = {isa = PBXFileReference; lastKnownFileType = file; path = "Gontserrat-Regular.ttf"; sourceTree = "<group>"; };
		9100566A2A9504700063470A /* OFL.txt */ = {isa = PBXFileReference; fileEncoding = 4; lastKnownFileType = text; path = OFL.txt; sourceTree = "<group>"; };
		9100566B2A9504710063470A /* Gontserrat-LightItalic.ttf */ = {isa = PBXFileReference; lastKnownFileType = file; path = "Gontserrat-LightItalic.ttf"; sourceTree = "<group>"; };
		9100566C2A9504710063470A /* Gontserrat-BoldItalic.ttf */ = {isa = PBXFileReference; lastKnownFileType = file; path = "Gontserrat-BoldItalic.ttf"; sourceTree = "<group>"; };
		9100566D2A9504710063470A /* Gontserrat-MediumItalic.ttf */ = {isa = PBXFileReference; lastKnownFileType = file; path = "Gontserrat-MediumItalic.ttf"; sourceTree = "<group>"; };
		9100566E2A9504710063470A /* Gontserrat-SemiBold.ttf */ = {isa = PBXFileReference; lastKnownFileType = file; path = "Gontserrat-SemiBold.ttf"; sourceTree = "<group>"; };
		9100566F2A9504710063470A /* Gontserrat-Thin.ttf */ = {isa = PBXFileReference; lastKnownFileType = file; path = "Gontserrat-Thin.ttf"; sourceTree = "<group>"; };
		910056842A9504BD0063470A /* Font.swift */ = {isa = PBXFileReference; lastKnownFileType = sourcecode.swift; path = Font.swift; sourceTree = "<group>"; };
		910056892A9509A20063470A /* ActionButton.swift */ = {isa = PBXFileReference; lastKnownFileType = sourcecode.swift; path = ActionButton.swift; sourceTree = "<group>"; };
/* End PBXFileReference section */

/* Begin PBXFrameworksBuildPhase section */
		910056432A8FBBDA0063470A /* Frameworks */ = {
			isa = PBXFrameworksBuildPhase;
			buildActionMask = 2147483647;
			files = (
			);
			runOnlyForDeploymentPostprocessing = 0;
		};
/* End PBXFrameworksBuildPhase section */

/* Begin PBXGroup section */
		9100563D2A8FBBDA0063470A = {
			isa = PBXGroup;
			children = (
				910056482A8FBBDA0063470A /* streetpass */,
				910056472A8FBBDA0063470A /* Products */,
			);
			sourceTree = "<group>";
		};
		910056472A8FBBDA0063470A /* Products */ = {
			isa = PBXGroup;
			children = (
				910056462A8FBBDA0063470A /* streetpass.app */,
			);
			name = Products;
			sourceTree = "<group>";
		};
		910056482A8FBBDA0063470A /* streetpass */ = {
			isa = PBXGroup;
			children = (
				910056862A95067D0063470A /* Components */,
				910056832A9504950063470A /* Extensions */,
				9100565C2A9504570063470A /* Fonts */,
				910056592A8FBFB30063470A /* Info.plist */,
				910056492A8FBBDA0063470A /* streetpassApp.swift */,
				9100564B2A8FBBDA0063470A /* ContentView.swift */,
				9100564D2A8FBBDB0063470A /* Assets.xcassets */,
				9100564F2A8FBBDB0063470A /* Preview Content */,
				910056572A8FBC3A0063470A /* PeripheralManager.swift */,
				9100565A2A8FC3470063470A /* CentralManager.swift */,
			);
			path = streetpass;
			sourceTree = "<group>";
		};
		9100564F2A8FBBDB0063470A /* Preview Content */ = {
			isa = PBXGroup;
			children = (
				910056502A8FBBDB0063470A /* Preview Assets.xcassets */,
			);
			path = "Preview Content";
			sourceTree = "<group>";
		};
		9100565C2A9504570063470A /* Fonts */ = {
			isa = PBXGroup;
			children = (
				910056622A9504700063470A /* Gontserrat-Black.ttf */,
				9100565F2A9504700063470A /* Gontserrat-BlackItalic.ttf */,
				910056672A9504700063470A /* Gontserrat-Bold.ttf */,
				9100566C2A9504710063470A /* Gontserrat-BoldItalic.ttf */,
				9100565D2A95046F0063470A /* Gontserrat-ExtraBold.ttf */,
				910056642A9504700063470A /* Gontserrat-ExtraBoldItalic.ttf */,
				910056612A9504700063470A /* Gontserrat-ExtraLight.ttf */,
				9100565E2A9504700063470A /* Gontserrat-ExtraLightItalic.ttf */,
				910056602A9504700063470A /* Gontserrat-Italic.ttf */,
				910056632A9504700063470A /* Gontserrat-Light.ttf */,
				9100566B2A9504710063470A /* Gontserrat-LightItalic.ttf */,
				910056662A9504700063470A /* Gontserrat-Medium.ttf */,
				9100566D2A9504710063470A /* Gontserrat-MediumItalic.ttf */,
				910056692A9504700063470A /* Gontserrat-Regular.ttf */,
				9100566E2A9504710063470A /* Gontserrat-SemiBold.ttf */,
				910056682A9504700063470A /* Gontserrat-SemiBoldItalic.ttf */,
				9100566F2A9504710063470A /* Gontserrat-Thin.ttf */,
				910056652A9504700063470A /* Gontserrat-ThinItalic.ttf */,
				9100566A2A9504700063470A /* OFL.txt */,
			);
			path = Fonts;
			sourceTree = "<group>";
		};
		910056832A9504950063470A /* Extensions */ = {
			isa = PBXGroup;
			children = (
				910056842A9504BD0063470A /* Font.swift */,
			);
			path = Extensions;
			sourceTree = "<group>";
		};
		910056862A95067D0063470A /* Components */ = {
			isa = PBXGroup;
			children = (
				910056892A9509A20063470A /* ActionButton.swift */,
			);
			path = Components;
			sourceTree = "<group>";
		};
/* End PBXGroup section */

/* Begin PBXNativeTarget section */
		910056452A8FBBDA0063470A /* streetpass */ = {
			isa = PBXNativeTarget;
			buildConfigurationList = 910056542A8FBBDB0063470A /* Build configuration list for PBXNativeTarget "streetpass" */;
			buildPhases = (
				910056422A8FBBDA0063470A /* Sources */,
				910056432A8FBBDA0063470A /* Frameworks */,
				910056442A8FBBDA0063470A /* Resources */,
			);
			buildRules = (
			);
			dependencies = (
			);
			name = streetpass;
			productName = streetpass;
			productReference = 910056462A8FBBDA0063470A /* streetpass.app */;
			productType = "com.apple.product-type.application";
		};
/* End PBXNativeTarget section */

/* Begin PBXProject section */
		9100563E2A8FBBDA0063470A /* Project object */ = {
			isa = PBXProject;
			attributes = {
				BuildIndependentTargetsInParallel = 1;
				LastSwiftUpdateCheck = 1430;
				LastUpgradeCheck = 1430;
				TargetAttributes = {
					910056452A8FBBDA0063470A = {
						CreatedOnToolsVersion = 14.3.1;
					};
				};
			};
			buildConfigurationList = 910056412A8FBBDA0063470A /* Build configuration list for PBXProject "streetpass" */;
			compatibilityVersion = "Xcode 14.0";
			developmentRegion = en;
			hasScannedForEncodings = 0;
			knownRegions = (
				en,
				Base,
			);
			mainGroup = 9100563D2A8FBBDA0063470A;
			productRefGroup = 910056472A8FBBDA0063470A /* Products */;
			projectDirPath = "";
			projectRoot = "";
			targets = (
				910056452A8FBBDA0063470A /* streetpass */,
			);
		};
/* End PBXProject section */

/* Begin PBXResourcesBuildPhase section */
		910056442A8FBBDA0063470A /* Resources */ = {
			isa = PBXResourcesBuildPhase;
			buildActionMask = 2147483647;
			files = (
				9100567B2A9504710063470A /* Gontserrat-SemiBoldItalic.ttf in Resources */,
				910056702A9504710063470A /* Gontserrat-ExtraBold.ttf in Resources */,
				910056742A9504710063470A /* Gontserrat-ExtraLight.ttf in Resources */,
				910056722A9504710063470A /* Gontserrat-BlackItalic.ttf in Resources */,
				910056812A9504710063470A /* Gontserrat-SemiBold.ttf in Resources */,
				910056752A9504710063470A /* Gontserrat-Black.ttf in Resources */,
				910056792A9504710063470A /* Gontserrat-Medium.ttf in Resources */,
				9100567D2A9504710063470A /* OFL.txt in Resources */,
				910056802A9504710063470A /* Gontserrat-MediumItalic.ttf in Resources */,
				9100567C2A9504710063470A /* Gontserrat-Regular.ttf in Resources */,
				9100567F2A9504710063470A /* Gontserrat-BoldItalic.ttf in Resources */,
				9100567E2A9504710063470A /* Gontserrat-LightItalic.ttf in Resources */,
				910056512A8FBBDB0063470A /* Preview Assets.xcassets in Resources */,
				910056732A9504710063470A /* Gontserrat-Italic.ttf in Resources */,
				910056782A9504710063470A /* Gontserrat-ThinItalic.ttf in Resources */,
				9100567A2A9504710063470A /* Gontserrat-Bold.ttf in Resources */,
				910056762A9504710063470A /* Gontserrat-Light.ttf in Resources */,
				910056822A9504710063470A /* Gontserrat-Thin.ttf in Resources */,
				910056772A9504710063470A /* Gontserrat-ExtraBoldItalic.ttf in Resources */,
				9100564E2A8FBBDB0063470A /* Assets.xcassets in Resources */,
				910056712A9504710063470A /* Gontserrat-ExtraLightItalic.ttf in Resources */,
			);
			runOnlyForDeploymentPostprocessing = 0;
		};
/* End PBXResourcesBuildPhase section */

/* Begin PBXSourcesBuildPhase section */
		910056422A8FBBDA0063470A /* Sources */ = {
			isa = PBXSourcesBuildPhase;
			buildActionMask = 2147483647;
			files = (
				9100564C2A8FBBDA0063470A /* ContentView.swift in Sources */,
				9100564A2A8FBBDA0063470A /* streetpassApp.swift in Sources */,
				910056852A9504BD0063470A /* Font.swift in Sources */,
				910056582A8FBC3A0063470A /* PeripheralManager.swift in Sources */,
				9100565B2A8FC3470063470A /* CentralManager.swift in Sources */,
				9100568A2A9509A20063470A /* ActionButton.swift in Sources */,
			);
			runOnlyForDeploymentPostprocessing = 0;
		};
/* End PBXSourcesBuildPhase section */

/* Begin XCBuildConfiguration section */
		910056522A8FBBDB0063470A /* Debug */ = {
			isa = XCBuildConfiguration;
			buildSettings = {
				ALWAYS_SEARCH_USER_PATHS = NO;
				CLANG_ANALYZER_NONNULL = YES;
				CLANG_ANALYZER_NUMBER_OBJECT_CONVERSION = YES_AGGRESSIVE;
				CLANG_CXX_LANGUAGE_STANDARD = "gnu++20";
				CLANG_ENABLE_MODULES = YES;
				CLANG_ENABLE_OBJC_ARC = YES;
				CLANG_ENABLE_OBJC_WEAK = YES;
				CLANG_WARN_BLOCK_CAPTURE_AUTORELEASING = YES;
				CLANG_WARN_BOOL_CONVERSION = YES;
				CLANG_WARN_COMMA = YES;
				CLANG_WARN_CONSTANT_CONVERSION = YES;
				CLANG_WARN_DEPRECATED_OBJC_IMPLEMENTATIONS = YES;
				CLANG_WARN_DIRECT_OBJC_ISA_USAGE = YES_ERROR;
				CLANG_WARN_DOCUMENTATION_COMMENTS = YES;
				CLANG_WARN_EMPTY_BODY = YES;
				CLANG_WARN_ENUM_CONVERSION = YES;
				CLANG_WARN_INFINITE_RECURSION = YES;
				CLANG_WARN_INT_CONVERSION = YES;
				CLANG_WARN_NON_LITERAL_NULL_CONVERSION = YES;
				CLANG_WARN_OBJC_IMPLICIT_RETAIN_SELF = YES;
				CLANG_WARN_OBJC_LITERAL_CONVERSION = YES;
				CLANG_WARN_OBJC_ROOT_CLASS = YES_ERROR;
				CLANG_WARN_QUOTED_INCLUDE_IN_FRAMEWORK_HEADER = YES;
				CLANG_WARN_RANGE_LOOP_ANALYSIS = YES;
				CLANG_WARN_STRICT_PROTOTYPES = YES;
				CLANG_WARN_SUSPICIOUS_MOVE = YES;
				CLANG_WARN_UNGUARDED_AVAILABILITY = YES_AGGRESSIVE;
				CLANG_WARN_UNREACHABLE_CODE = YES;
				CLANG_WARN__DUPLICATE_METHOD_MATCH = YES;
				COPY_PHASE_STRIP = NO;
				DEBUG_INFORMATION_FORMAT = dwarf;
				ENABLE_STRICT_OBJC_MSGSEND = YES;
				ENABLE_TESTABILITY = YES;
				GCC_C_LANGUAGE_STANDARD = gnu11;
				GCC_DYNAMIC_NO_PIC = NO;
				GCC_NO_COMMON_BLOCKS = YES;
				GCC_OPTIMIZATION_LEVEL = 0;
				GCC_PREPROCESSOR_DEFINITIONS = (
					"DEBUG=1",
					"$(inherited)",
				);
				GCC_WARN_64_TO_32_BIT_CONVERSION = YES;
				GCC_WARN_ABOUT_RETURN_TYPE = YES_ERROR;
				GCC_WARN_UNDECLARED_SELECTOR = YES;
				GCC_WARN_UNINITIALIZED_AUTOS = YES_AGGRESSIVE;
				GCC_WARN_UNUSED_FUNCTION = YES;
				GCC_WARN_UNUSED_VARIABLE = YES;
				IPHONEOS_DEPLOYMENT_TARGET = 16.4;
				MTL_ENABLE_DEBUG_INFO = INCLUDE_SOURCE;
				MTL_FAST_MATH = YES;
				ONLY_ACTIVE_ARCH = YES;
				SDKROOT = iphoneos;
				SWIFT_ACTIVE_COMPILATION_CONDITIONS = DEBUG;
				SWIFT_OPTIMIZATION_LEVEL = "-Onone";
			};
			name = Debug;
		};
		910056532A8FBBDB0063470A /* Release */ = {
			isa = XCBuildConfiguration;
			buildSettings = {
				ALWAYS_SEARCH_USER_PATHS = NO;
				CLANG_ANALYZER_NONNULL = YES;
				CLANG_ANALYZER_NUMBER_OBJECT_CONVERSION = YES_AGGRESSIVE;
				CLANG_CXX_LANGUAGE_STANDARD = "gnu++20";
				CLANG_ENABLE_MODULES = YES;
				CLANG_ENABLE_OBJC_ARC = YES;
				CLANG_ENABLE_OBJC_WEAK = YES;
				CLANG_WARN_BLOCK_CAPTURE_AUTORELEASING = YES;
				CLANG_WARN_BOOL_CONVERSION = YES;
				CLANG_WARN_COMMA = YES;
				CLANG_WARN_CONSTANT_CONVERSION = YES;
				CLANG_WARN_DEPRECATED_OBJC_IMPLEMENTATIONS = YES;
				CLANG_WARN_DIRECT_OBJC_ISA_USAGE = YES_ERROR;
				CLANG_WARN_DOCUMENTATION_COMMENTS = YES;
				CLANG_WARN_EMPTY_BODY = YES;
				CLANG_WARN_ENUM_CONVERSION = YES;
				CLANG_WARN_INFINITE_RECURSION = YES;
				CLANG_WARN_INT_CONVERSION = YES;
				CLANG_WARN_NON_LITERAL_NULL_CONVERSION = YES;
				CLANG_WARN_OBJC_IMPLICIT_RETAIN_SELF = YES;
				CLANG_WARN_OBJC_LITERAL_CONVERSION = YES;
				CLANG_WARN_OBJC_ROOT_CLASS = YES_ERROR;
				CLANG_WARN_QUOTED_INCLUDE_IN_FRAMEWORK_HEADER = YES;
				CLANG_WARN_RANGE_LOOP_ANALYSIS = YES;
				CLANG_WARN_STRICT_PROTOTYPES = YES;
				CLANG_WARN_SUSPICIOUS_MOVE = YES;
				CLANG_WARN_UNGUARDED_AVAILABILITY = YES_AGGRESSIVE;
				CLANG_WARN_UNREACHABLE_CODE = YES;
				CLANG_WARN__DUPLICATE_METHOD_MATCH = YES;
				COPY_PHASE_STRIP = NO;
				DEBUG_INFORMATION_FORMAT = "dwarf-with-dsym";
				ENABLE_NS_ASSERTIONS = NO;
				ENABLE_STRICT_OBJC_MSGSEND = YES;
				GCC_C_LANGUAGE_STANDARD = gnu11;
				GCC_NO_COMMON_BLOCKS = YES;
				GCC_WARN_64_TO_32_BIT_CONVERSION = YES;
				GCC_WARN_ABOUT_RETURN_TYPE = YES_ERROR;
				GCC_WARN_UNDECLARED_SELECTOR = YES;
				GCC_WARN_UNINITIALIZED_AUTOS = YES_AGGRESSIVE;
				GCC_WARN_UNUSED_FUNCTION = YES;
				GCC_WARN_UNUSED_VARIABLE = YES;
				IPHONEOS_DEPLOYMENT_TARGET = 16.4;
				MTL_ENABLE_DEBUG_INFO = NO;
				MTL_FAST_MATH = YES;
				SDKROOT = iphoneos;
				SWIFT_COMPILATION_MODE = wholemodule;
				SWIFT_OPTIMIZATION_LEVEL = "-O";
				VALIDATE_PRODUCT = YES;
			};
			name = Release;
		};
		910056552A8FBBDB0063470A /* Debug */ = {
			isa = XCBuildConfiguration;
			buildSettings = {
				ASSETCATALOG_COMPILER_APPICON_NAME = AppIcon;
				ASSETCATALOG_COMPILER_GLOBAL_ACCENT_COLOR_NAME = AccentColor;
				CODE_SIGN_STYLE = Automatic;
				CURRENT_PROJECT_VERSION = 1;
				DEVELOPMENT_ASSET_PATHS = "\"streetpass/Preview Content\"";
				DEVELOPMENT_TEAM = 5RF7XV65SP;
				ENABLE_PREVIEWS = YES;
				GENERATE_INFOPLIST_FILE = YES;
				INFOPLIST_FILE = streetpass/Info.plist;
				INFOPLIST_KEY_NSBluetoothAlwaysUsageDescription = Required;
				INFOPLIST_KEY_UIApplicationSceneManifest_Generation = YES;
				INFOPLIST_KEY_UIApplicationSupportsIndirectInputEvents = YES;
				INFOPLIST_KEY_UILaunchScreen_Generation = YES;
				INFOPLIST_KEY_UISupportedInterfaceOrientations_iPad = "UIInterfaceOrientationPortrait UIInterfaceOrientationPortraitUpsideDown UIInterfaceOrientationLandscapeLeft UIInterfaceOrientationLandscapeRight";
				INFOPLIST_KEY_UISupportedInterfaceOrientations_iPhone = "UIInterfaceOrientationPortrait UIInterfaceOrientationLandscapeLeft UIInterfaceOrientationLandscapeRight";
				LD_RUNPATH_SEARCH_PATHS = (
					"$(inherited)",
					"@executable_path/Frameworks",
				);
				MARKETING_VERSION = 1.0;
				PRODUCT_BUNDLE_IDENTIFIER = frankdulko.streetpass;
				PRODUCT_NAME = "$(TARGET_NAME)";
				SWIFT_EMIT_LOC_STRINGS = YES;
				SWIFT_VERSION = 5.0;
				TARGETED_DEVICE_FAMILY = "1,2";
			};
			name = Debug;
		};
		910056562A8FBBDB0063470A /* Release */ = {
			isa = XCBuildConfiguration;
			buildSettings = {
				ASSETCATALOG_COMPILER_APPICON_NAME = AppIcon;
				ASSETCATALOG_COMPILER_GLOBAL_ACCENT_COLOR_NAME = AccentColor;
				CODE_SIGN_STYLE = Automatic;
				CURRENT_PROJECT_VERSION = 1;
				DEVELOPMENT_ASSET_PATHS = "\"streetpass/Preview Content\"";
				DEVELOPMENT_TEAM = 5RF7XV65SP;
				ENABLE_PREVIEWS = YES;
				GENERATE_INFOPLIST_FILE = YES;
				INFOPLIST_FILE = streetpass/Info.plist;
				INFOPLIST_KEY_NSBluetoothAlwaysUsageDescription = Required;
				INFOPLIST_KEY_UIApplicationSceneManifest_Generation = YES;
				INFOPLIST_KEY_UIApplicationSupportsIndirectInputEvents = YES;
				INFOPLIST_KEY_UILaunchScreen_Generation = YES;
				INFOPLIST_KEY_UISupportedInterfaceOrientations_iPad = "UIInterfaceOrientationPortrait UIInterfaceOrientationPortraitUpsideDown UIInterfaceOrientationLandscapeLeft UIInterfaceOrientationLandscapeRight";
				INFOPLIST_KEY_UISupportedInterfaceOrientations_iPhone = "UIInterfaceOrientationPortrait UIInterfaceOrientationLandscapeLeft UIInterfaceOrientationLandscapeRight";
				LD_RUNPATH_SEARCH_PATHS = (
					"$(inherited)",
					"@executable_path/Frameworks",
				);
				MARKETING_VERSION = 1.0;
				PRODUCT_BUNDLE_IDENTIFIER = frankdulko.streetpass;
				PRODUCT_NAME = "$(TARGET_NAME)";
				SWIFT_EMIT_LOC_STRINGS = YES;
				SWIFT_VERSION = 5.0;
				TARGETED_DEVICE_FAMILY = "1,2";
			};
			name = Release;
		};
/* End XCBuildConfiguration section */

/* Begin XCConfigurationList section */
		910056412A8FBBDA0063470A /* Build configuration list for PBXProject "streetpass" */ = {
			isa = XCConfigurationList;
			buildConfigurations = (
				910056522A8FBBDB0063470A /* Debug */,
				910056532A8FBBDB0063470A /* Release */,
			);
			defaultConfigurationIsVisible = 0;
			defaultConfigurationName = Release;
		};
		910056542A8FBBDB0063470A /* Build configuration list for PBXNativeTarget "streetpass" */ = {
			isa = XCConfigurationList;
			buildConfigurations = (
				910056552A8FBBDB0063470A /* Debug */,
				910056562A8FBBDB0063470A /* Release */,
			);
			defaultConfigurationIsVisible = 0;
			defaultConfigurationName = Release;
		};
/* End XCConfigurationList section */
	};
	rootObject = 9100563E2A8FBBDA0063470A /* Project object */;
}
